
Microsoft Visual Studio Solution File, Format Version 12.00
# Visual Studio Version 16
VisualStudioVersion = 16.0.28803.352
MinimumVisualStudioVersion = 10.0.40219.1
Project("{FAE04EC0-301F-11D3-BF4B-00C04F79EFBC}") = "iSpindelService", "iSpindelService.csproj", "{EAFD643B-793E-4F59-9482-A832B00B9D6C}"
EndProject
Global
	GlobalSection(SolutionConfigurationPlatforms) = preSolution
		Debug|Any CPU = Debug|Any CPU
		Release|Any CPU = Release|Any CPU
	EndGlobalSection
	GlobalSection(ProjectConfigurationPlatforms) = postSolution
		{EAFD643B-793E-4F59-9482-A832B00B9D6C}.Debug|Any CPU.ActiveCfg = Debug|Any CPU
		{EAFD643B-793E-4F59-9482-A832B00B9D6C}.Debug|Any CPU.Build.0 = Debug|Any CPU
		{EAFD643B-793E-4F59-9482-A832B00B9D6C}.Release|Any CPU.ActiveCfg = Release|Any CPU
		{EAFD643B-793E-4F59-9482-A832B00B9D6C}.Release|Any CPU.Build.0 = Release|Any CPU
	EndGlobalSection
	GlobalSection(SolutionProperties) = preSolution
		HideSolutionNode = FALSE
	EndGlobalSection
	GlobalSection(ExtensibilityGlobals) = postSolution
		SolutionGuid = {7A34F81A-8BE8-4ADB-B099-D9CB7C710BDD}
	EndGlobalSection
EndGlobal
